
Microsoft Visual Studio Solution File, Format Version 11.00
# Visual Studio 2010
Project("{FAE04EC0-301F-11D3-BF4B-00C04F79EFBC}") = "Assembly-CSharp", "Assembly-CSharp.csproj", "{e3d8ca80-2f41-88ba-4846-f1524f841091}"
EndProject
Project("{FAE04EC0-301F-11D3-BF4B-00C04F79EFBC}") = "Assembly-CSharp-Editor", "Assembly-CSharp-Editor.csproj", "{9babf6de-0114-3306-79d3-9ddffe41549d}"
EndProject
Global
	GlobalSection(SolutionConfigurationPlatforms) = preSolution
		Debug|Any CPU = Debug|Any CPU
	EndGlobalSection
	GlobalSection(ProjectConfigurationPlatforms) = postSolution
		{e3d8ca80-2f41-88ba-4846-f1524f841091}.Debug|Any CPU.ActiveCfg = Debug|Any CPU
		{e3d8ca80-2f41-88ba-4846-f1524f841091}.Debug|Any CPU.Build.0 = Debug|Any CPU
		{9babf6de-0114-3306-79d3-9ddffe41549d}.Debug|Any CPU.ActiveCfg = Debug|Any CPU
		{9babf6de-0114-3306-79d3-9ddffe41549d}.Debug|Any CPU.Build.0 = Debug|Any CPU
	EndGlobalSection
	GlobalSection(SolutionProperties) = preSolution
		HideSolutionNode = FALSE
	EndGlobalSection
EndGlobal
