
Microsoft Visual Studio Solution File, Format Version 12.00
# Visual Studio 15
Project("{FAE04EC0-301F-11D3-BF4B-00C04F79EFBC}") = "UnityEngine.TestRunner", "UnityEngine.TestRunner.csproj", "{6B7752E5-0C1D-85FC-9BC6-E0B62B17A7A4}"
EndProject
Project("{FAE04EC0-301F-11D3-BF4B-00C04F79EFBC}") = "UnityEngine.UI", "UnityEngine.UI.csproj", "{A151E784-366E-8691-6021-EE41DF7AD4C6}"
EndProject
Project("{FAE04EC0-301F-11D3-BF4B-00C04F79EFBC}") = "Unity.TextMeshPro", "Unity.TextMeshPro.csproj", "{7F97D4F9-13E5-0D3D-075E-6290D23F559C}"
EndProject
Project("{FAE04EC0-301F-11D3-BF4B-00C04F79EFBC}") = "Unity.Timeline", "Unity.Timeline.csproj", "{5AEBC792-D3CE-F87C-9D9F-EA515815E6B1}"
EndProject
Project("{FAE04EC0-301F-11D3-BF4B-00C04F79EFBC}") = "Assembly-CSharp", "Assembly-CSharp.csproj", "{4ADFE1F4-24F5-C4B3-22E1-5A9C8B39C70C}"
EndProject
Project("{FAE04EC0-301F-11D3-BF4B-00C04F79EFBC}") = "UnityEditor.TestRunner", "UnityEditor.TestRunner.csproj", "{D06E1CAE-D5AF-803A-A5B6-CDC438C41DA6}"
EndProject
Project("{FAE04EC0-301F-11D3-BF4B-00C04F79EFBC}") = "Unity.TextMeshPro.Editor", "Unity.TextMeshPro.Editor.csproj", "{65F5BC7B-D9FB-9E91-0EEC-293B8E40A220}"
EndProject
Project("{FAE04EC0-301F-11D3-BF4B-00C04F79EFBC}") = "Unity.Timeline.Editor", "Unity.Timeline.Editor.csproj", "{EC32E153-C180-C871-8FD0-9FE874BF3514}"
EndProject
Project("{FAE04EC0-301F-11D3-BF4B-00C04F79EFBC}") = "UnityEditor.UI", "UnityEditor.UI.csproj", "{74F956AC-5D88-FFFB-4ECB-1F6819618622}"
EndProject
Project("{FAE04EC0-301F-11D3-BF4B-00C04F79EFBC}") = "Unity.Rider.Editor", "Unity.Rider.Editor.csproj", "{1CA6BC66-1237-B6C5-966D-3DECF62D2295}"
EndProject
Project("{FAE04EC0-301F-11D3-BF4B-00C04F79EFBC}") = "Unity.CollabProxy.Editor", "Unity.CollabProxy.Editor.csproj", "{EBDC0654-CE6E-CAFB-1170-A44C8D1C4B7E}"
EndProject
Project("{FAE04EC0-301F-11D3-BF4B-00C04F79EFBC}") = "Unity.VSCode.Editor", "Unity.VSCode.Editor.csproj", "{7EC7C2B4-0404-EA9F-7FF1-5B8D649DF72E}"
EndProject
Project("{FAE04EC0-301F-11D3-BF4B-00C04F79EFBC}") = "Assembly-CSharp-Editor", "Assembly-CSharp-Editor.csproj", "{9268434F-B144-B783-D6F2-6F4BCBBF62D5}"
EndProject
Project("{FAE04EC0-301F-11D3-BF4B-00C04F79EFBC}") = "Assembly-CSharp.Player", "Assembly-CSharp.Player.csproj", "{6066E543-6188-A440-E372-875A7F02E00F}"
EndProject
Global
	GlobalSection(SolutionConfigurationPlatforms) = preSolution
		Debug|Any CPU = Debug|Any CPU
		Release|Any CPU = Release|Any CPU
	EndGlobalSection
	GlobalSection(ProjectConfigurationPlatforms) = postSolution
		{6B7752E5-0C1D-85FC-9BC6-E0B62B17A7A4}.Debug|Any CPU.ActiveCfg = Debug|Any CPU
		{6B7752E5-0C1D-85FC-9BC6-E0B62B17A7A4}.Debug|Any CPU.Build.0 = Debug|Any CPU
		{6B7752E5-0C1D-85FC-9BC6-E0B62B17A7A4}.Release|Any CPU.ActiveCfg = Release|Any CPU
		{6B7752E5-0C1D-85FC-9BC6-E0B62B17A7A4}.Release|Any CPU.Build.0 = Release|Any CPU
		{A151E784-366E-8691-6021-EE41DF7AD4C6}.Debug|Any CPU.ActiveCfg = Debug|Any CPU
		{A151E784-366E-8691-6021-EE41DF7AD4C6}.Debug|Any CPU.Build.0 = Debug|Any CPU
		{A151E784-366E-8691-6021-EE41DF7AD4C6}.Release|Any CPU.ActiveCfg = Release|Any CPU
		{A151E784-366E-8691-6021-EE41DF7AD4C6}.Release|Any CPU.Build.0 = Release|Any CPU
		{7F97D4F9-13E5-0D3D-075E-6290D23F559C}.Debug|Any CPU.ActiveCfg = Debug|Any CPU
		{7F97D4F9-13E5-0D3D-075E-6290D23F559C}.Debug|Any CPU.Build.0 = Debug|Any CPU
		{7F97D4F9-13E5-0D3D-075E-6290D23F559C}.Release|Any CPU.ActiveCfg = Release|Any CPU
		{7F97D4F9-13E5-0D3D-075E-6290D23F559C}.Release|Any CPU.Build.0 = Release|Any CPU
		{5AEBC792-D3CE-F87C-9D9F-EA515815E6B1}.Debug|Any CPU.ActiveCfg = Debug|Any CPU
		{5AEBC792-D3CE-F87C-9D9F-EA515815E6B1}.Debug|Any CPU.Build.0 = Debug|Any CPU
		{5AEBC792-D3CE-F87C-9D9F-EA515815E6B1}.Release|Any CPU.ActiveCfg = Release|Any CPU
		{5AEBC792-D3CE-F87C-9D9F-EA515815E6B1}.Release|Any CPU.Build.0 = Release|Any CPU
		{4ADFE1F4-24F5-C4B3-22E1-5A9C8B39C70C}.Debug|Any CPU.ActiveCfg = Debug|Any CPU
		{4ADFE1F4-24F5-C4B3-22E1-5A9C8B39C70C}.Debug|Any CPU.Build.0 = Debug|Any CPU
		{4ADFE1F4-24F5-C4B3-22E1-5A9C8B39C70C}.Release|Any CPU.ActiveCfg = Release|Any CPU
		{4ADFE1F4-24F5-C4B3-22E1-5A9C8B39C70C}.Release|Any CPU.Build.0 = Release|Any CPU
		{D06E1CAE-D5AF-803A-A5B6-CDC438C41DA6}.Debug|Any CPU.ActiveCfg = Debug|Any CPU
		{D06E1CAE-D5AF-803A-A5B6-CDC438C41DA6}.Debug|Any CPU.Build.0 = Debug|Any CPU
		{D06E1CAE-D5AF-803A-A5B6-CDC438C41DA6}.Release|Any CPU.ActiveCfg = Release|Any CPU
		{D06E1CAE-D5AF-803A-A5B6-CDC438C41DA6}.Release|Any CPU.Build.0 = Release|Any CPU
		{65F5BC7B-D9FB-9E91-0EEC-293B8E40A220}.Debug|Any CPU.ActiveCfg = Debug|Any CPU
		{65F5BC7B-D9FB-9E91-0EEC-293B8E40A220}.Debug|Any CPU.Build.0 = Debug|Any CPU
		{65F5BC7B-D9FB-9E91-0EEC-293B8E40A220}.Release|Any CPU.ActiveCfg = Release|Any CPU
		{65F5BC7B-D9FB-9E91-0EEC-293B8E40A220}.Release|Any CPU.Build.0 = Release|Any CPU
		{EC32E153-C180-C871-8FD0-9FE874BF3514}.Debug|Any CPU.ActiveCfg = Debug|Any CPU
		{EC32E153-C180-C871-8FD0-9FE874BF3514}.Debug|Any CPU.Build.0 = Debug|Any CPU
		{EC32E153-C180-C871-8FD0-9FE874BF3514}.Release|Any CPU.ActiveCfg = Release|Any CPU
		{EC32E153-C180-C871-8FD0-9FE874BF3514}.Release|Any CPU.Build.0 = Release|Any CPU
		{74F956AC-5D88-FFFB-4ECB-1F6819618622}.Debug|Any CPU.ActiveCfg = Debug|Any CPU
		{74F956AC-5D88-FFFB-4ECB-1F6819618622}.Debug|Any CPU.Build.0 = Debug|Any CPU
		{74F956AC-5D88-FFFB-4ECB-1F6819618622}.Release|Any CPU.ActiveCfg = Release|Any CPU
		{74F956AC-5D88-FFFB-4ECB-1F6819618622}.Release|Any CPU.Build.0 = Release|Any CPU
		{1CA6BC66-1237-B6C5-966D-3DECF62D2295}.Debug|Any CPU.ActiveCfg = Debug|Any CPU
		{1CA6BC66-1237-B6C5-966D-3DECF62D2295}.Debug|Any CPU.Build.0 = Debug|Any CPU
		{1CA6BC66-1237-B6C5-966D-3DECF62D2295}.Release|Any CPU.ActiveCfg = Release|Any CPU
		{1CA6BC66-1237-B6C5-966D-3DECF62D2295}.Release|Any CPU.Build.0 = Release|Any CPU
		{EBDC0654-CE6E-CAFB-1170-A44C8D1C4B7E}.Debug|Any CPU.ActiveCfg = Debug|Any CPU
		{EBDC0654-CE6E-CAFB-1170-A44C8D1C4B7E}.Debug|Any CPU.Build.0 = Debug|Any CPU
		{EBDC0654-CE6E-CAFB-1170-A44C8D1C4B7E}.Release|Any CPU.ActiveCfg = Release|Any CPU
		{EBDC0654-CE6E-CAFB-1170-A44C8D1C4B7E}.Release|Any CPU.Build.0 = Release|Any CPU
		{7EC7C2B4-0404-EA9F-7FF1-5B8D649DF72E}.Debug|Any CPU.ActiveCfg = Debug|Any CPU
		{7EC7C2B4-0404-EA9F-7FF1-5B8D649DF72E}.Debug|Any CPU.Build.0 = Debug|Any CPU
		{7EC7C2B4-0404-EA9F-7FF1-5B8D649DF72E}.Release|Any CPU.ActiveCfg = Release|Any CPU
		{7EC7C2B4-0404-EA9F-7FF1-5B8D649DF72E}.Release|Any CPU.Build.0 = Release|Any CPU
		{9268434F-B144-B783-D6F2-6F4BCBBF62D5}.Debug|Any CPU.ActiveCfg = Debug|Any CPU
		{9268434F-B144-B783-D6F2-6F4BCBBF62D5}.Debug|Any CPU.Build.0 = Debug|Any CPU
		{9268434F-B144-B783-D6F2-6F4BCBBF62D5}.Release|Any CPU.ActiveCfg = Release|Any CPU
		{9268434F-B144-B783-D6F2-6F4BCBBF62D5}.Release|Any CPU.Build.0 = Release|Any CPU
		{6066E543-6188-A440-E372-875A7F02E00F}.Debug|Any CPU.ActiveCfg = Debug|Any CPU
		{6066E543-6188-A440-E372-875A7F02E00F}.Debug|Any CPU.Build.0 = Debug|Any CPU
		{6066E543-6188-A440-E372-875A7F02E00F}.Release|Any CPU.ActiveCfg = Release|Any CPU
		{6066E543-6188-A440-E372-875A7F02E00F}.Release|Any CPU.Build.0 = Release|Any CPU
	EndGlobalSection
	GlobalSection(SolutionProperties) = preSolution
		HideSolutionNode = FALSE
	EndGlobalSection
EndGlobal
